
Microsoft Visual Studio Solution File, Format Version 12.00
# Visual Studio Version 17
VisualStudioVersion = 17.14.35806.103
MinimumVisualStudioVersion = 10.0.40219.1
Project("{FAE04EC0-301F-11D3-BF4B-00C04F79EFBC}") = "CustomProducts", "CustomProducts\CustomProducts.csproj", "{B6AE9B74-1107-4A88-A777-DDAB5D60EEC4}"
EndProject
Project("{FAE04EC0-301F-11D3-BF4B-00C04F79EFBC}") = "InterfacesExample", "InterfacesExample\InterfacesExample.csproj", "{6299CA5A-066B-4B09-916D-F2C76D832C1A}"
	ProjectSection(ProjectDependencies) = postProject
		{4241679C-720F-4A7F-B7F0-54B30C560507} = {4241679C-720F-4A7F-B7F0-54B30C560507}
	EndProjectSection
EndProject
Project("{FAE04EC0-301F-11D3-BF4B-00C04F79EFBC}") = "Day2_programs", "Day2_programs\Day2_programs.csproj", "{4241679C-720F-4A7F-B7F0-54B30C560507}"
EndProject
Global
	GlobalSection(SolutionConfigurationPlatforms) = preSolution
		Debug|Any CPU = Debug|Any CPU
		Release|Any CPU = Release|Any CPU
	EndGlobalSection
	GlobalSection(ProjectConfigurationPlatforms) = postSolution
		{B6AE9B74-1107-4A88-A777-DDAB5D60EEC4}.Debug|Any CPU.ActiveCfg = Debug|Any CPU
		{B6AE9B74-1107-4A88-A777-DDAB5D60EEC4}.Debug|Any CPU.Build.0 = Debug|Any CPU
		{B6AE9B74-1107-4A88-A777-DDAB5D60EEC4}.Release|Any CPU.ActiveCfg = Release|Any CPU
		{B6AE9B74-1107-4A88-A777-DDAB5D60EEC4}.Release|Any CPU.Build.0 = Release|Any CPU
		{6299CA5A-066B-4B09-916D-F2C76D832C1A}.Debug|Any CPU.ActiveCfg = Debug|Any CPU
		{6299CA5A-066B-4B09-916D-F2C76D832C1A}.Debug|Any CPU.Build.0 = Debug|Any CPU
		{6299CA5A-066B-4B09-916D-F2C76D832C1A}.Release|Any CPU.ActiveCfg = Release|Any CPU
		{6299CA5A-066B-4B09-916D-F2C76D832C1A}.Release|Any CPU.Build.0 = Release|Any CPU
		{4241679C-720F-4A7F-B7F0-54B30C560507}.Debug|Any CPU.ActiveCfg = Debug|Any CPU
		{4241679C-720F-4A7F-B7F0-54B30C560507}.Debug|Any CPU.Build.0 = Debug|Any CPU
		{4241679C-720F-4A7F-B7F0-54B30C560507}.Release|Any CPU.ActiveCfg = Release|Any CPU
		{4241679C-720F-4A7F-B7F0-54B30C560507}.Release|Any CPU.Build.0 = Release|Any CPU
	EndGlobalSection
	GlobalSection(SolutionProperties) = preSolution
		HideSolutionNode = FALSE
	EndGlobalSection
	GlobalSection(ExtensibilityGlobals) = postSolution
		SolutionGuid = {D343AA4B-6B7F-4793-BA74-F7C0ACB876A6}
	EndGlobalSection
EndGlobal
